// !$*UTF8*$!
{
	archiveVersion = 1;
	classes = {
	};
	objectVersion = 77;
	objects = {

/* Begin PBXContainerItemProxy section */
		1169F7B42F6A5A2B00637CC2 /* PBXContainerItemProxy */ = {
			isa = PBXContainerItemProxy;
			containerPortal = 1169F79E2F6A5A2A00637CC2 /* Project object */;
			proxyType = 1;
			remoteGlobalIDString = 1169F7A52F6A5A2A00637CC2;
			remoteInfo = ImageSelector;
		};
		1169F7BE2F6A5A2B00637CC2 /* PBXContainerItemProxy */ = {
			isa = PBXContainerItemProxy;
			containerPortal = 1169F79E2F6A5A2A00637CC2 /* Project object */;
			proxyType = 1;
			remoteGlobalIDString = 1169F7A52F6A5A2A00637CC2;
			remoteInfo = ImageSelector;
		};
/* End PBXContainerItemProxy section */

/* Begin PBXFileReference section */
		1169F7A62F6A5A2A00637CC2 /* ImageSelector.app */ = {isa = PBXFileReference; explicitFileType = wrapper.application; includeInIndex = 0; path = ImageSelector.app; sourceTree = BUILT_PRODUCTS_DIR; };
		1169F7B32F6A5A2B00637CC2 /* ImageSelectorTests.xctest */ = {isa = PBXFileReference; explicitFileType = wrapper.cfbundle; includeInIndex = 0; path = ImageSelectorTests.xctest; sourceTree = BUILT_PRODUCTS_DIR; };
		1169F7BD2F6A5A2B00637CC2 /* ImageSelectorUITests.xctest */ = {isa = PBXFileReference; explicitFileType = wrapper.cfbundle; includeInIndex = 0; path = ImageSelectorUITests.xctest; sourceTree = BUILT_PRODUCTS_DIR; };
/* End PBXFileReference section */

/* Begin PBXFileSystemSynchronizedRootGroup section */
		1169F7A82F6A5A2A00637CC2 /* ImageSelector */ = {
			isa = PBXFileSystemSynchronizedRootGroup;
			path = ImageSelector;
			sourceTree = "<group>";
		};
		1169F7B62F6A5A2B00637CC2 /* ImageSelectorTests */ = {
			isa = PBXFileSystemSynchronizedRootGroup;
			path = ImageSelectorTests;
			sourceTree = "<group>";
		};
		1169F7C02F6A5A2B00637CC2 /* ImageSelectorUITests */ = {
			isa = PBXFileSystemSynchronizedRootGroup;
			path = ImageSelectorUITests;
			sourceTree = "<group>";
		};
/* End PBXFileSystemSynchronizedRootGroup section */

/* Begin PBXFrameworksBuildPhase section */
		1169F7A32F6A5A2A00637CC2 /* Frameworks */ = {
			isa = PBXFrameworksBuildPhase;
			buildActionMask = 2147483647;
			files = (
			);
			runOnlyForDeploymentPostprocessing = 0;
		};
		1169F7B02F6A5A2B00637CC2 /* Frameworks */ = {
			isa = PBXFrameworksBuildPhase;
			buildActionMask = 2147483647;
			files = (
			);
			runOnlyForDeploymentPostprocessing = 0;
		};
		1169F7BA2F6A5A2B00637CC2 /* Frameworks */ = {
			isa = PBXFrameworksBuildPhase;
			buildActionMask = 2147483647;
			files = (
			);
			runOnlyForDeploymentPostprocessing = 0;
		};
/* End PBXFrameworksBuildPhase section */

/* Begin PBXGroup section */
		1169F79D2F6A5A2A00637CC2 = {
			isa = PBXGroup;
			children = (
				1169F7A82F6A5A2A00637CC2 /* ImageSelector */,
				1169F7B62F6A5A2B00637CC2 /* ImageSelectorTests */,
				1169F7C02F6A5A2B00637CC2 /* ImageSelectorUITests */,
				1169F7A72F6A5A2A00637CC2 /* Products */,
			);
			sourceTree = "<group>";
		};
		1169F7A72F6A5A2A00637CC2 /* Products */ = {
			isa = PBXGroup;
			children = (
				1169F7A62F6A5A2A00637CC2 /* ImageSelector.app */,
				1169F7B32F6A5A2B00637CC2 /* ImageSelectorTests.xctest */,
				1169F7BD2F6A5A2B00637CC2 /* ImageSelectorUITests.xctest */,
			);
			name = Products;
			sourceTree = "<group>";
		};
/* End PBXGroup section */

/* Begin PBXNativeTarget section */
		1169F7A52F6A5A2A00637CC2 /* ImageSelector */ = {
			isa = PBXNativeTarget;
			buildConfigurationList = 1169F7C72F6A5A2B00637CC2 /* Build configuration list for PBXNativeTarget "ImageSelector" */;
			buildPhases = (
				1169F7A22F6A5A2A00637CC2 /* Sources */,
				1169F7A32F6A5A2A00637CC2 /* Frameworks */,
				1169F7A42F6A5A2A00637CC2 /* Resources */,
			);
			buildRules = (
			);
			dependencies = (
			);
			fileSystemSynchronizedGroups = (
				1169F7A82F6A5A2A00637CC2 /* ImageSelector */,
			);
			name = ImageSelector;
			packageProductDependencies = (
			);
			productName = ImageSelector;
			productReference = 1169F7A62F6A5A2A00637CC2 /* ImageSelector.app */;
			productType = "com.apple.product-type.application";
		};
		1169F7B22F6A5A2B00637CC2 /* ImageSelectorTests */ = {
			isa = PBXNativeTarget;
			buildConfigurationList = 1169F7CA2F6A5A2B00637CC2 /* Build configuration list for PBXNativeTarget "ImageSelectorTests" */;
			buildPhases = (
				1169F7AF2F6A5A2B00637CC2 /* Sources */,
				1169F7B02F6A5A2B00637CC2 /* Frameworks */,
				1169F7B12F6A5A2B00637CC2 /* Resources */,
			);
			buildRules = (
			);
			dependencies = (
				1169F7B52F6A5A2B00637CC2 /* PBXTargetDependency */,
			);
			fileSystemSynchronizedGroups = (
				1169F7B62F6A5A2B00637CC2 /* ImageSelectorTests */,
			);
			name = ImageSelectorTests;
			packageProductDependencies = (
			);
			productName = ImageSelectorTests;
			productReference = 1169F7B32F6A5A2B00637CC2 /* ImageSelectorTests.xctest */;
			productType = "com.apple.product-type.bundle.unit-test";
		};
		1169F7BC2F6A5A2B00637CC2 /* ImageSelectorUITests */ = {
			isa = PBXNativeTarget;
			buildConfigurationList = 1169F7CD2F6A5A2B00637CC2 /* Build configuration list for PBXNativeTarget "ImageSelectorUITests" */;
			buildPhases = (
				1169F7B92F6A5A2B00637CC2 /* Sources */,
				1169F7BA2F6A5A2B00637CC2 /* Frameworks */,
				1169F7BB2F6A5A2B00637CC2 /* Resources */,
			);
			buildRules = (
			);
			dependencies = (
				1169F7BF2F6A5A2B00637CC2 /* PBXTargetDependency */,
			);
			fileSystemSynchronizedGroups = (
				1169F7C02F6A5A2B00637CC2 /* ImageSelectorUITests */,
			);
			name = ImageSelectorUITests;
			packageProductDependencies = (
			);
			productName = ImageSelectorUITests;
			productReference = 1169F7BD2F6A5A2B00637CC2 /* ImageSelectorUITests.xctest */;
			productType = "com.apple.product-type.bundle.ui-testing";
		};
/* End PBXNativeTarget section */

/* Begin PBXProject section */
		1169F79E2F6A5A2A00637CC2 /* Project object */ = {
			isa = PBXProject;
			attributes = {
				BuildIndependentTargetsInParallel = 1;
				LastSwiftUpdateCheck = 2630;
				LastUpgradeCheck = 2630;
				TargetAttributes = {
					1169F7A52F6A5A2A00637CC2 = {
						CreatedOnToolsVersion = 26.3;
					};
					1169F7B22F6A5A2B00637CC2 = {
						CreatedOnToolsVersion = 26.3;
						TestTargetID = 1169F7A52F6A5A2A00637CC2;
					};
					1169F7BC2F6A5A2B00637CC2 = {
						CreatedOnToolsVersion = 26.3;
						TestTargetID = 1169F7A52F6A5A2A00637CC2;
					};
				};
			};
			buildConfigurationList = 1169F7A12F6A5A2A00637CC2 /* Build configuration list for PBXProject "ImageSelector" */;
			developmentRegion = en;
			hasScannedForEncodings = 0;
			knownRegions = (
				en,
				Base,
			);
			mainGroup = 1169F79D2F6A5A2A00637CC2;
			minimizedProjectReferenceProxies = 1;
			preferredProjectObjectVersion = 77;
			productRefGroup = 1169F7A72F6A5A2A00637CC2 /* Products */;
			projectDirPath = "";
			projectRoot = "";
			targets = (
				1169F7A52F6A5A2A00637CC2 /* ImageSelector */,
				1169F7B22F6A5A2B00637CC2 /* ImageSelectorTests */,
				1169F7BC2F6A5A2B00637CC2 /* ImageSelectorUITests */,
			);
		};
/* End PBXProject section */

/* Begin PBXResourcesBuildPhase section */
		1169F7A42F6A5A2A00637CC2 /* Resources */ = {
			isa = PBXResourcesBuildPhase;
			buildActionMask = 2147483647;
			files = (
			);
			runOnlyForDeploymentPostprocessing = 0;
		};
		1169F7B12F6A5A2B00637CC2 /* Resources */ = {
			isa = PBXResourcesBuildPhase;
			buildActionMask = 2147483647;
			files = (
			);
			runOnlyForDeploymentPostprocessing = 0;
		};
		1169F7BB2F6A5A2B00637CC2 /* Resources */ = {
			isa = PBXResourcesBuildPhase;
			buildActionMask = 2147483647;
			files = (
			);
			runOnlyForDeploymentPostprocessing = 0;
		};
/* End PBXResourcesBuildPhase section */

/* Begin PBXSourcesBuildPhase section */
		1169F7A22F6A5A2A00637CC2 /* Sources */ = {
			isa = PBXSourcesBuildPhase;
			buildActionMask = 2147483647;
			files = (
			);
			runOnlyForDeploymentPostprocessing = 0;
		};
		1169F7AF2F6A5A2B00637CC2 /* Sources */ = {
			isa = PBXSourcesBuildPhase;
			buildActionMask = 2147483647;
			files = (
			);
			runOnlyForDeploymentPostprocessing = 0;
		};
		1169F7B92F6A5A2B00637CC2 /* Sources */ = {
			isa = PBXSourcesBuildPhase;
			buildActionMask = 2147483647;
			files = (
			);
			runOnlyForDeploymentPostprocessing = 0;
		};
/* End PBXSourcesBuildPhase section */

/* Begin PBXTargetDependency section */
		1169F7B52F6A5A2B00637CC2 /* PBXTargetDependency */ = {
			isa = PBXTargetDependency;
			target = 1169F7A52F6A5A2A00637CC2 /* ImageSelector */;
			targetProxy = 1169F7B42F6A5A2B00637CC2 /* PBXContainerItemProxy */;
		};
		1169F7BF2F6A5A2B00637CC2 /* PBXTargetDependency */ = {
			isa = PBXTargetDependency;
			target = 1169F7A52F6A5A2A00637CC2 /* ImageSelector */;
			targetProxy = 1169F7BE2F6A5A2B00637CC2 /* PBXContainerItemProxy */;
		};
/* End PBXTargetDependency section */

/* Begin XCBuildConfiguration section */
		1169F7C52F6A5A2B00637CC2 /* Debug */ = {
			isa = XCBuildConfiguration;
			buildSettings = {
				ALWAYS_SEARCH_USER_PATHS = NO;
				ASSETCATALOG_COMPILER_GENERATE_SWIFT_ASSET_SYMBOL_EXTENSIONS = YES;
				CLANG_ANALYZER_NONNULL = YES;
				CLANG_ANALYZER_NUMBER_OBJECT_CONVERSION = YES_AGGRESSIVE;
				CLANG_CXX_LANGUAGE_STANDARD = "gnu++20";
				CLANG_ENABLE_MODULES = YES;
				CLANG_ENABLE_OBJC_ARC = YES;
				CLANG_ENABLE_OBJC_WEAK = YES;
				CLANG_WARN_BLOCK_CAPTURE_AUTORELEASING = YES;
				CLANG_WARN_BOOL_CONVERSION = YES;
				CLANG_WARN_COMMA = YES;
				CLANG_WARN_CONSTANT_CONVERSION = YES;
				CLANG_WARN_DEPRECATED_OBJC_IMPLEMENTATIONS = YES;
				CLANG_WARN_DIRECT_OBJC_ISA_USAGE = YES_ERROR;
				CLANG_WARN_DOCUMENTATION_COMMENTS = YES;
				CLANG_WARN_EMPTY_BODY = YES;
				CLANG_WARN_ENUM_CONVERSION = YES;
				CLANG_WARN_INFINITE_RECURSION = YES;
				CLANG_WARN_INT_CONVERSION = YES;
				CLANG_WARN_NON_LITERAL_NULL_CONVERSION = YES;
				CLANG_WARN_OBJC_IMPLICIT_RETAIN_SELF = YES;
				CLANG_WARN_OBJC_LITERAL_CONVERSION = YES;
				CLANG_WARN_OBJC_ROOT_CLASS = YES_ERROR;
				CLANG_WARN_QUOTED_INCLUDE_IN_FRAMEWORK_HEADER = YES;
				CLANG_WARN_RANGE_LOOP_ANALYSIS = YES;
				CLANG_WARN_STRICT_PROTOTYPES = YES;
				CLANG_WARN_SUSPICIOUS_MOVE = YES;
				CLANG_WARN_UNGUARDED_AVAILABILITY = YES_AGGRESSIVE;
				CLANG_WARN_UNREACHABLE_CODE = YES;
				CLANG_WARN__DUPLICATE_METHOD_MATCH = YES;
				COPY_PHASE_STRIP = NO;
				DEBUG_INFORMATION_FORMAT = dwarf;
				ENABLE_STRICT_OBJC_MSGSEND = YES;
				ENABLE_TESTABILITY = YES;
				ENABLE_USER_SCRIPT_SANDBOXING = YES;
				GCC_C_LANGUAGE_STANDARD = gnu17;
				GCC_DYNAMIC_NO_PIC = NO;
				GCC_NO_COMMON_BLOCKS = YES;
				GCC_OPTIMIZATION_LEVEL = 0;
				GCC_PREPROCESSOR_DEFINITIONS = (
					"DEBUG=1",
					"$(inherited)",
				);
				GCC_WARN_64_TO_32_BIT_CONVERSION = YES;
				GCC_WARN_ABOUT_RETURN_TYPE = YES_ERROR;
				GCC_WARN_UNDECLARED_SELECTOR = YES;
				GCC_WARN_UNINITIALIZED_AUTOS = YES_AGGRESSIVE;
				GCC_WARN_UNUSED_FUNCTION = YES;
				GCC_WARN_UNUSED_VARIABLE = YES;
				LOCALIZATION_PREFERS_STRING_CATALOGS = YES;
				MACOSX_DEPLOYMENT_TARGET = 26.2;
				MTL_ENABLE_DEBUG_INFO = INCLUDE_SOURCE;
				MTL_FAST_MATH = YES;
				ONLY_ACTIVE_ARCH = YES;
				SDKROOT = macosx;
				SWIFT_ACTIVE_COMPILATION_CONDITIONS = "DEBUG $(inherited)";
				SWIFT_OPTIMIZATION_LEVEL = "-Onone";
			};
			name = Debug;
		};
		1169F7C62F6A5A2B00637CC2 /* Release */ = {
			isa = XCBuildConfiguration;
			buildSettings = {
				ALWAYS_SEARCH_USER_PATHS = NO;
				ASSETCATALOG_COMPILER_GENERATE_SWIFT_ASSET_SYMBOL_EXTENSIONS = YES;
				CLANG_ANALYZER_NONNULL = YES;
				CLANG_ANALYZER_NUMBER_OBJECT_CONVERSION = YES_AGGRESSIVE;
				CLANG_CXX_LANGUAGE_STANDARD = "gnu++20";
				CLANG_ENABLE_MODULES = YES;
				CLANG_ENABLE_OBJC_ARC = YES;
				CLANG_ENABLE_OBJC_WEAK = YES;
				CLANG_WARN_BLOCK_CAPTURE_AUTORELEASING = YES;
				CLANG_WARN_BOOL_CONVERSION = YES;
				CLANG_WARN_COMMA = YES;
				CLANG_WARN_CONSTANT_CONVERSION = YES;
				CLANG_WARN_DEPRECATED_OBJC_IMPLEMENTATIONS = YES;
				CLANG_WARN_DIRECT_OBJC_ISA_USAGE = YES_ERROR;
				CLANG_WARN_DOCUMENTATION_COMMENTS = YES;
				CLANG_WARN_EMPTY_BODY = YES;
				CLANG_WARN_ENUM_CONVERSION = YES;
				CLANG_WARN_INFINITE_RECURSION = YES;
				CLANG_WARN_INT_CONVERSION = YES;
				CLANG_WARN_NON_LITERAL_NULL_CONVERSION = YES;
				CLANG_WARN_OBJC_IMPLICIT_RETAIN_SELF = YES;
				CLANG_WARN_OBJC_LITERAL_CONVERSION = YES;
				CLANG_WARN_OBJC_ROOT_CLASS = YES_ERROR;
				CLANG_WARN_QUOTED_INCLUDE_IN_FRAMEWORK_HEADER = YES;
				CLANG_WARN_RANGE_LOOP_ANALYSIS = YES;
				CLANG_WARN_STRICT_PROTOTYPES = YES;
				CLANG_WARN_SUSPICIOUS_MOVE = YES;
				CLANG_WARN_UNGUARDED_AVAILABILITY = YES_AGGRESSIVE;
				CLANG_WARN_UNREACHABLE_CODE = YES;
				CLANG_WARN__DUPLICATE_METHOD_MATCH = YES;
				COPY_PHASE_STRIP = NO;
				DEBUG_INFORMATION_FORMAT = "dwarf-with-dsym";
				ENABLE_NS_ASSERTIONS = NO;
				ENABLE_STRICT_OBJC_MSGSEND = YES;
				ENABLE_USER_SCRIPT_SANDBOXING = YES;
				GCC_C_LANGUAGE_STANDARD = gnu17;
				GCC_NO_COMMON_BLOCKS = YES;
				GCC_WARN_64_TO_32_BIT_CONVERSION = YES;
				GCC_WARN_ABOUT_RETURN_TYPE = YES_ERROR;
				GCC_WARN_UNDECLARED_SELECTOR = YES;
				GCC_WARN_UNINITIALIZED_AUTOS = YES_AGGRESSIVE;
				GCC_WARN_UNUSED_FUNCTION = YES;
				GCC_WARN_UNUSED_VARIABLE = YES;
				LOCALIZATION_PREFERS_STRING_CATALOGS = YES;
				MACOSX_DEPLOYMENT_TARGET = 26.2;
				MTL_ENABLE_DEBUG_INFO = NO;
				MTL_FAST_MATH = YES;
				SDKROOT = macosx;
				SWIFT_COMPILATION_MODE = wholemodule;
			};
			name = Release;
		};
		1169F7C82F6A5A2B00637CC2 /* Debug */ = {
			isa = XCBuildConfiguration;
			buildSettings = {
				ASSETCATALOG_COMPILER_APPICON_NAME = AppIcon;
				ASSETCATALOG_COMPILER_GLOBAL_ACCENT_COLOR_NAME = AccentColor;
				CODE_SIGN_STYLE = Automatic;
				COMBINE_HIDPI_IMAGES = YES;
				CURRENT_PROJECT_VERSION = 1;
				ENABLE_APP_SANDBOX = YES;
				ENABLE_PREVIEWS = YES;
				ENABLE_USER_SELECTED_FILES = readonly;
				GENERATE_INFOPLIST_FILE = YES;
				INFOPLIST_KEY_NSHumanReadableCopyright = "";
				LD_RUNPATH_SEARCH_PATHS = (
					"$(inherited)",
					"@executable_path/../Frameworks",
				);
				MARKETING_VERSION = 1.0;
				PRODUCT_BUNDLE_IDENTIFIER = Maks.ImageSelector;
				PRODUCT_NAME = "$(TARGET_NAME)";
				REGISTER_APP_GROUPS = YES;
				STRING_CATALOG_GENERATE_SYMBOLS = YES;
				SWIFT_APPROACHABLE_CONCURRENCY = YES;
				SWIFT_DEFAULT_ACTOR_ISOLATION = MainActor;
				SWIFT_EMIT_LOC_STRINGS = YES;
				SWIFT_UPCOMING_FEATURE_MEMBER_IMPORT_VISIBILITY = YES;
				SWIFT_VERSION = 5.0;
			};
			name = Debug;
		};
		1169F7C92F6A5A2B00637CC2 /* Release */ = {
			isa = XCBuildConfiguration;
			buildSettings = {
				ASSETCATALOG_COMPILER_APPICON_NAME = AppIcon;
				ASSETCATALOG_COMPILER_GLOBAL_ACCENT_COLOR_NAME = AccentColor;
				CODE_SIGN_STYLE = Automatic;
				COMBINE_HIDPI_IMAGES = YES;
				CURRENT_PROJECT_VERSION = 1;
				ENABLE_APP_SANDBOX = YES;
				ENABLE_PREVIEWS = YES;
				ENABLE_USER_SELECTED_FILES = readonly;
				GENERATE_INFOPLIST_FILE = YES;
				INFOPLIST_KEY_NSHumanReadableCopyright = "";
				LD_RUNPATH_SEARCH_PATHS = (
					"$(inherited)",
					"@executable_path/../Frameworks",
				);
				MARKETING_VERSION = 1.0;
				PRODUCT_BUNDLE_IDENTIFIER = Maks.ImageSelector;
				PRODUCT_NAME = "$(TARGET_NAME)";
				REGISTER_APP_GROUPS = YES;
				STRING_CATALOG_GENERATE_SYMBOLS = YES;
				SWIFT_APPROACHABLE_CONCURRENCY = YES;
				SWIFT_DEFAULT_ACTOR_ISOLATION = MainActor;
				SWIFT_EMIT_LOC_STRINGS = YES;
				SWIFT_UPCOMING_FEATURE_MEMBER_IMPORT_VISIBILITY = YES;
				SWIFT_VERSION = 5.0;
			};
			name = Release;
		};
		1169F7CB2F6A5A2B00637CC2 /* Debug */ = {
			isa = XCBuildConfiguration;
			buildSettings = {
				BUNDLE_LOADER = "$(TEST_HOST)";
				CODE_SIGN_STYLE = Automatic;
				CURRENT_PROJECT_VERSION = 1;
				GENERATE_INFOPLIST_FILE = YES;
				MACOSX_DEPLOYMENT_TARGET = 26.2;
				MARKETING_VERSION = 1.0;
				PRODUCT_BUNDLE_IDENTIFIER = Maks.ImageSelectorTests;
				PRODUCT_NAME = "$(TARGET_NAME)";
				STRING_CATALOG_GENERATE_SYMBOLS = NO;
				SWIFT_APPROACHABLE_CONCURRENCY = YES;
				SWIFT_EMIT_LOC_STRINGS = NO;
				SWIFT_UPCOMING_FEATURE_MEMBER_IMPORT_VISIBILITY = YES;
				SWIFT_VERSION = 5.0;
				TEST_HOST = "$(BUILT_PRODUCTS_DIR)/ImageSelector.app/$(BUNDLE_EXECUTABLE_FOLDER_PATH)/ImageSelector";
			};
			name = Debug;
		};
		1169F7CC2F6A5A2B00637CC2 /* Release */ = {
			isa = XCBuildConfiguration;
			buildSettings = {
				BUNDLE_LOADER = "$(TEST_HOST)";
				CODE_SIGN_STYLE = Automatic;
				CURRENT_PROJECT_VERSION = 1;
				GENERATE_INFOPLIST_FILE = YES;
				MACOSX_DEPLOYMENT_TARGET = 26.2;
				MARKETING_VERSION = 1.0;
				PRODUCT_BUNDLE_IDENTIFIER = Maks.ImageSelectorTests;
				PRODUCT_NAME = "$(TARGET_NAME)";
				STRING_CATALOG_GENERATE_SYMBOLS = NO;
				SWIFT_APPROACHABLE_CONCURRENCY = YES;
				SWIFT_EMIT_LOC_STRINGS = NO;
				SWIFT_UPCOMING_FEATURE_MEMBER_IMPORT_VISIBILITY = YES;
				SWIFT_VERSION = 5.0;
				TEST_HOST = "$(BUILT_PRODUCTS_DIR)/ImageSelector.app/$(BUNDLE_EXECUTABLE_FOLDER_PATH)/ImageSelector";
			};
			name = Release;
		};
		1169F7CE2F6A5A2B00637CC2 /* Debug */ = {
			isa = XCBuildConfiguration;
			buildSettings = {
				CODE_SIGN_STYLE = Automatic;
				CURRENT_PROJECT_VERSION = 1;
				GENERATE_INFOPLIST_FILE = YES;
				MARKETING_VERSION = 1.0;
				PRODUCT_BUNDLE_IDENTIFIER = Maks.ImageSelectorUITests;
				PRODUCT_NAME = "$(TARGET_NAME)";
				STRING_CATALOG_GENERATE_SYMBOLS = NO;
				SWIFT_APPROACHABLE_CONCURRENCY = YES;
				SWIFT_EMIT_LOC_STRINGS = NO;
				SWIFT_UPCOMING_FEATURE_MEMBER_IMPORT_VISIBILITY = YES;
				SWIFT_VERSION = 5.0;
				TEST_TARGET_NAME = ImageSelector;
			};
			name = Debug;
		};
		1169F7CF2F6A5A2B00637CC2 /* Release */ = {
			isa = XCBuildConfiguration;
			buildSettings = {
				CODE_SIGN_STYLE = Automatic;
				CURRENT_PROJECT_VERSION = 1;
				GENERATE_INFOPLIST_FILE = YES;
				MARKETING_VERSION = 1.0;
				PRODUCT_BUNDLE_IDENTIFIER = Maks.ImageSelectorUITests;
				PRODUCT_NAME = "$(TARGET_NAME)";
				STRING_CATALOG_GENERATE_SYMBOLS = NO;
				SWIFT_APPROACHABLE_CONCURRENCY = YES;
				SWIFT_EMIT_LOC_STRINGS = NO;
				SWIFT_UPCOMING_FEATURE_MEMBER_IMPORT_VISIBILITY = YES;
				SWIFT_VERSION = 5.0;
				TEST_TARGET_NAME = ImageSelector;
			};
			name = Release;
		};
/* End XCBuildConfiguration section */

/* Begin XCConfigurationList section */
		1169F7A12F6A5A2A00637CC2 /* Build configuration list for PBXProject "ImageSelector" */ = {
			isa = XCConfigurationList;
			buildConfigurations = (
				1169F7C52F6A5A2B00637CC2 /* Debug */,
				1169F7C62F6A5A2B00637CC2 /* Release */,
			);
			defaultConfigurationIsVisible = 0;
			defaultConfigurationName = Release;
		};
		1169F7C72F6A5A2B00637CC2 /* Build configuration list for PBXNativeTarget "ImageSelector" */ = {
			isa = XCConfigurationList;
			buildConfigurations = (
				1169F7C82F6A5A2B00637CC2 /* Debug */,
				1169F7C92F6A5A2B00637CC2 /* Release */,
			);
			defaultConfigurationIsVisible = 0;
			defaultConfigurationName = Release;
		};
		1169F7CA2F6A5A2B00637CC2 /* Build configuration list for PBXNativeTarget "ImageSelectorTests" */ = {
			isa = XCConfigurationList;
			buildConfigurations = (
				1169F7CB2F6A5A2B00637CC2 /* Debug */,
				1169F7CC2F6A5A2B00637CC2 /* Release */,
			);
			defaultConfigurationIsVisible = 0;
			defaultConfigurationName = Release;
		};
		1169F7CD2F6A5A2B00637CC2 /* Build configuration list for PBXNativeTarget "ImageSelectorUITests" */ = {
			isa = XCConfigurationList;
			buildConfigurations = (
				1169F7CE2F6A5A2B00637CC2 /* Debug */,
				1169F7CF2F6A5A2B00637CC2 /* Release */,
			);
			defaultConfigurationIsVisible = 0;
			defaultConfigurationName = Release;
		};
/* End XCConfigurationList section */
	};
	rootObject = 1169F79E2F6A5A2A00637CC2 /* Project object */;
}
